
Microsoft Visual Studio Solution File, Format Version 11.00
# Visual Studio 2010
Project("{FAE04EC0-301F-11D3-BF4B-00C04F79EFBC}") = "BigCommerce-Asana Integration", "BigCommerce-Asana Integration\BigCommerce-Asana Integration.csproj", "{79A298E9-A890-4288-AF93-1B5C77E1C78A}"
EndProject
Global
	GlobalSection(SolutionConfigurationPlatforms) = preSolution
		Debug|x86 = Debug|x86
		Release|x86 = Release|x86
	EndGlobalSection
	GlobalSection(ProjectConfigurationPlatforms) = postSolution
		{79A298E9-A890-4288-AF93-1B5C77E1C78A}.Debug|x86.ActiveCfg = Debug|x86
		{79A298E9-A890-4288-AF93-1B5C77E1C78A}.Debug|x86.Build.0 = Debug|x86
		{79A298E9-A890-4288-AF93-1B5C77E1C78A}.Release|x86.ActiveCfg = Release|x86
		{79A298E9-A890-4288-AF93-1B5C77E1C78A}.Release|x86.Build.0 = Release|x86
	EndGlobalSection
	GlobalSection(SolutionProperties) = preSolution
		HideSolutionNode = FALSE
	EndGlobalSection
EndGlobal
